// !$*UTF8*$!
{
	archiveVersion = 1;
	classes = {
	};
	objectVersion = 45;
	objects = {

/* Begin PBXBuildFile section */
		146B34050FE8BC61009C6199 /* AllTests.m in Sources */ = {isa = PBXBuildFile; fileRef = 146B33FF0FE8BC61009C6199 /* AllTests.m */; };
		146B34060FE8BC61009C6199 /* Client.m in Sources */ = {isa = PBXBuildFile; fileRef = 146B34000FE8BC61009C6199 /* Client.m */; };
		146B34070FE8BC61009C6199 /* Server.m in Sources */ = {isa = PBXBuildFile; fileRef = 146B34010FE8BC61009C6199 /* Server.m */; };
		146B34090FE8BC61009C6199 /* TestI.m in Sources */ = {isa = PBXBuildFile; fileRef = 146B34040FE8BC61009C6199 /* TestI.m */; };
		146B340B0FE8BD58009C6199 /* HoldTest.ice in Sources */ = {isa = PBXBuildFile; fileRef = 146B340A0FE8BD58009C6199 /* HoldTest.ice */; };
		1D3623260D0F684500981E51 /* AppDelegate.m in Sources */ = {isa = PBXBuildFile; fileRef = 1D3623250D0F684500981E51 /* AppDelegate.m */; };
		1D60589B0D05DD56006BFB54 /* main.m in Sources */ = {isa = PBXBuildFile; fileRef = 29B97316FDCFA39411CA2CEA /* main.m */; };
		1D60589F0D05DD5A006BFB54 /* Foundation.framework in Frameworks */ = {isa = PBXBuildFile; fileRef = 1D30AB110D05D00D00671497 /* Foundation.framework */; };
		1DF5F4E00D08C38300B7A737 /* UIKit.framework in Frameworks */ = {isa = PBXBuildFile; fileRef = 1DF5F4DF0D08C38300B7A737 /* UIKit.framework */; };
		288765A50DF7441C002DB57D /* CoreGraphics.framework in Frameworks */ = {isa = PBXBuildFile; fileRef = 288765A40DF7441C002DB57D /* CoreGraphics.framework */; };
		2899E5220DE3E06400AC0155 /* TestView.xib in Resources */ = {isa = PBXBuildFile; fileRef = 2899E5210DE3E06400AC0155 /* TestView.xib */; };
		28AD733F0D9D9553002E5188 /* MainWindow.xib in Resources */ = {isa = PBXBuildFile; fileRef = 28AD733E0D9D9553002E5188 /* MainWindow.xib */; };
		28D7ACF80DDB3853001CB0EB /* TestViewController.m in Sources */ = {isa = PBXBuildFile; fileRef = 28D7ACF70DDB3853001CB0EB /* TestViewController.m */; };
		342EB9EE0E9261A3000051FA /* icon.png in Resources */ = {isa = PBXBuildFile; fileRef = 342EB9ED0E9261A3000051FA /* icon.png */; };
		342EBA870E926E98000051FA /* c_rsa1024.pfx in Resources */ = {isa = PBXBuildFile; fileRef = 342EBA860E926E98000051FA /* c_rsa1024.pfx */; };
		342EBA890E926E9F000051FA /* s_rsa1024.pfx in Resources */ = {isa = PBXBuildFile; fileRef = 342EBA880E926E9F000051FA /* s_rsa1024.pfx */; };
		342EBA8B0E926F90000051FA /* cacert.der in Resources */ = {isa = PBXBuildFile; fileRef = 342EBA8A0E926F90000051FA /* cacert.der */; };
		344126380FD8E8EA00C8D69C /* Security.framework in Frameworks */ = {isa = PBXBuildFile; fileRef = 344126360FD8E8EA00C8D69C /* Security.framework */; };
		344126390FD8E8EA00C8D69C /* CFNetwork.framework in Frameworks */ = {isa = PBXBuildFile; fileRef = 344126370FD8E8EA00C8D69C /* CFNetwork.framework */; };
		34B3B4B50FD7A7700018C227 /* AllTests.m in Sources */ = {isa = PBXBuildFile; fileRef = 34B3B4AA0FD7A7700018C227 /* AllTests.m */; };
		34B3B4B60FD7A7700018C227 /* BatchOneways.m in Sources */ = {isa = PBXBuildFile; fileRef = 34B3B4AB0FD7A7700018C227 /* BatchOneways.m */; };
		34B3B4B70FD7A7700018C227 /* Client.m in Sources */ = {isa = PBXBuildFile; fileRef = 34B3B4AC0FD7A7700018C227 /* Client.m */; };
		34B3B4B80FD7A7700018C227 /* Oneways.m in Sources */ = {isa = PBXBuildFile; fileRef = 34B3B4AD0FD7A7700018C227 /* Oneways.m */; };
		34B3B4B90FD7A7700018C227 /* OnewaysAMI.m in Sources */ = {isa = PBXBuildFile; fileRef = 34B3B4AE0FD7A7700018C227 /* OnewaysAMI.m */; };
		34B3B4BA0FD7A7700018C227 /* Server.m in Sources */ = {isa = PBXBuildFile; fileRef = 34B3B4AF0FD7A7700018C227 /* Server.m */; };
		34B3B4BD0FD7A7700018C227 /* Twoways.m in Sources */ = {isa = PBXBuildFile; fileRef = 34B3B4B30FD7A7700018C227 /* Twoways.m */; };
		34B3B4BE0FD7A7700018C227 /* TwowaysAMI.m in Sources */ = {isa = PBXBuildFile; fileRef = 34B3B4B40FD7A7700018C227 /* TwowaysAMI.m */; };
		34B3B4F30FD7A9660018C227 /* TestI.m in Sources */ = {isa = PBXBuildFile; fileRef = 34B3B4F10FD7A9660018C227 /* TestI.m */; };
		34B3B5010FD7AB5C0018C227 /* TestCommon.m in Sources */ = {isa = PBXBuildFile; fileRef = 34B3B5000FD7AB5C0018C227 /* TestCommon.m */; };
		34B3B5200FD7E7740018C227 /* AllTests.m in Sources */ = {isa = PBXBuildFile; fileRef = 34B3B5180FD7E7740018C227 /* AllTests.m */; };
		34B3B5210FD7E7740018C227 /* Client.m in Sources */ = {isa = PBXBuildFile; fileRef = 34B3B5190FD7E7740018C227 /* Client.m */; };
		34B3B5230FD7E7740018C227 /* Server.m in Sources */ = {isa = PBXBuildFile; fileRef = 34B3B51C0FD7E7740018C227 /* Server.m */; };
		34B3B5250FD7E7740018C227 /* TestI.m in Sources */ = {isa = PBXBuildFile; fileRef = 34B3B51F0FD7E7740018C227 /* TestI.m */; };
		34B3B52C0FD7E78B0018C227 /* AllTests.m in Sources */ = {isa = PBXBuildFile; fileRef = 34B3B5260FD7E78B0018C227 /* AllTests.m */; };
		34B3B52D0FD7E78B0018C227 /* Client.m in Sources */ = {isa = PBXBuildFile; fileRef = 34B3B5270FD7E78B0018C227 /* Client.m */; };
		34B3B52E0FD7E78B0018C227 /* Server.m in Sources */ = {isa = PBXBuildFile; fileRef = 34B3B5280FD7E78B0018C227 /* Server.m */; };
		34B3B52F0FD7E78B0018C227 /* BindingTest.ice in Sources */ = {isa = PBXBuildFile; fileRef = 34B3B5290FD7E78B0018C227 /* BindingTest.ice */; };
		34B3B5300FD7E78B0018C227 /* TestI.m in Sources */ = {isa = PBXBuildFile; fileRef = 34B3B52B0FD7E78B0018C227 /* TestI.m */; };
		34B3B5350FD7E7BD0018C227 /* Client.m in Sources */ = {isa = PBXBuildFile; fileRef = 34B3B5320FD7E7BD0018C227 /* Client.m */; };
		34B3B5360FD7E7BD0018C227 /* DefaultServantTest.ice in Sources */ = {isa = PBXBuildFile; fileRef = 34B3B5330FD7E7BD0018C227 /* DefaultServantTest.ice */; };
		34B3B5370FD7E7BD0018C227 /* MyObjectI.m in Sources */ = {isa = PBXBuildFile; fileRef = 34B3B5340FD7E7BD0018C227 /* MyObjectI.m */; };
		34B3B53E0FD7E7CA0018C227 /* Client.m in Sources */ = {isa = PBXBuildFile; fileRef = 34B3B5380FD7E7CA0018C227 /* Client.m */; };
		34B3B53F0FD7E7CA0018C227 /* ExceptionsTest.ice in Sources */ = {isa = PBXBuildFile; fileRef = 34B3B5390FD7E7CA0018C227 /* ExceptionsTest.ice */; };
		34B3B5400FD7E7CA0018C227 /* TestI.m in Sources */ = {isa = PBXBuildFile; fileRef = 34B3B53A0FD7E7CA0018C227 /* TestI.m */; };
		34B3B5410FD7E7CA0018C227 /* AllTests.m in Sources */ = {isa = PBXBuildFile; fileRef = 34B3B53B0FD7E7CA0018C227 /* AllTests.m */; };
		34B3B5420FD7E7CA0018C227 /* Server.m in Sources */ = {isa = PBXBuildFile; fileRef = 34B3B53D0FD7E7CA0018C227 /* Server.m */; };
		34B3B5490FD7E7E60018C227 /* TestI.m in Sources */ = {isa = PBXBuildFile; fileRef = 34B3B5430FD7E7E60018C227 /* TestI.m */; };
		34B3B54A0FD7E7E60018C227 /* AllTests.m in Sources */ = {isa = PBXBuildFile; fileRef = 34B3B5440FD7E7E60018C227 /* AllTests.m */; };
		34B3B54B0FD7E7E60018C227 /* Client.m in Sources */ = {isa = PBXBuildFile; fileRef = 34B3B5450FD7E7E60018C227 /* Client.m */; };
		34B3B54C0FD7E7E60018C227 /* FacetsTest.ice in Sources */ = {isa = PBXBuildFile; fileRef = 34B3B5460FD7E7E60018C227 /* FacetsTest.ice */; };
		34B3B54D0FD7E7E60018C227 /* Server.m in Sources */ = {isa = PBXBuildFile; fileRef = 34B3B5480FD7E7E60018C227 /* Server.m */; };
		34B3B5540FD7E7FB0018C227 /* AllTests.m in Sources */ = {isa = PBXBuildFile; fileRef = 34B3B54F0FD7E7FB0018C227 /* AllTests.m */; };
		34B3B5550FD7E7FB0018C227 /* TestI.m in Sources */ = {isa = PBXBuildFile; fileRef = 34B3B5500FD7E7FB0018C227 /* TestI.m */; };
		34B3B5560FD7E7FB0018C227 /* Server.m in Sources */ = {isa = PBXBuildFile; fileRef = 34B3B5510FD7E7FB0018C227 /* Server.m */; };
		34B3B5570FD7E7FB0018C227 /* InheritanceTest.ice in Sources */ = {isa = PBXBuildFile; fileRef = 34B3B5520FD7E7FB0018C227 /* InheritanceTest.ice */; };
		34B3B5580FD7E7FB0018C227 /* Client.m in Sources */ = {isa = PBXBuildFile; fileRef = 34B3B5530FD7E7FB0018C227 /* Client.m */; };
		34B3B55F0FD7E8080018C227 /* InterceptorTest.ice in Sources */ = {isa = PBXBuildFile; fileRef = 34B3B5590FD7E8080018C227 /* InterceptorTest.ice */; };
		34B3B5600FD7E8080018C227 /* MyObjectI.m in Sources */ = {isa = PBXBuildFile; fileRef = 34B3B55B0FD7E8080018C227 /* MyObjectI.m */; };
		34B3B5610FD7E8080018C227 /* Client.m in Sources */ = {isa = PBXBuildFile; fileRef = 34B3B55C0FD7E8080018C227 /* Client.m */; };
		34B3B5620FD7E8080018C227 /* InterceptorI.m in Sources */ = {isa = PBXBuildFile; fileRef = 34B3B55D0FD7E8080018C227 /* InterceptorI.m */; };
		34B3B56B0FD7E81B0018C227 /* Client.m in Sources */ = {isa = PBXBuildFile; fileRef = 34B3B5630FD7E81B0018C227 /* Client.m */; };
		34B3B56C0FD7E81B0018C227 /* Server.m in Sources */ = {isa = PBXBuildFile; fileRef = 34B3B5650FD7E81B0018C227 /* Server.m */; };
		34B3B56D0FD7E81B0018C227 /* TestI.m in Sources */ = {isa = PBXBuildFile; fileRef = 34B3B5660FD7E81B0018C227 /* TestI.m */; };
		34B3B56E0FD7E81B0018C227 /* LocationTest.ice in Sources */ = {isa = PBXBuildFile; fileRef = 34B3B5670FD7E81B0018C227 /* LocationTest.ice */; };
		34B3B56F0FD7E81B0018C227 /* ServerLocator.m in Sources */ = {isa = PBXBuildFile; fileRef = 34B3B5680FD7E81B0018C227 /* ServerLocator.m */; };
		34B3B5700FD7E81B0018C227 /* AllTests.m in Sources */ = {isa = PBXBuildFile; fileRef = 34B3B56A0FD7E81B0018C227 /* AllTests.m */; };
		34B3B5770FD7E8270018C227 /* Client.m in Sources */ = {isa = PBXBuildFile; fileRef = 34B3B5710FD7E8270018C227 /* Client.m */; };
		34B3B5780FD7E8270018C227 /* TestI.m in Sources */ = {isa = PBXBuildFile; fileRef = 34B3B5720FD7E8270018C227 /* TestI.m */; };
		34B3B5790FD7E8270018C227 /* ObjectsTest.ice in Sources */ = {isa = PBXBuildFile; fileRef = 34B3B5730FD7E8270018C227 /* ObjectsTest.ice */; };
		34B3B57A0FD7E8270018C227 /* Server.m in Sources */ = {isa = PBXBuildFile; fileRef = 34B3B5740FD7E8270018C227 /* Server.m */; };
		34B3B57B0FD7E8270018C227 /* AllTests.m in Sources */ = {isa = PBXBuildFile; fileRef = 34B3B5760FD7E8270018C227 /* AllTests.m */; };
		34B3B5820FD7E8390018C227 /* Client.m in Sources */ = {isa = PBXBuildFile; fileRef = 34B3B57D0FD7E8390018C227 /* Client.m */; };
		34B3B5830FD7E8390018C227 /* Server.m in Sources */ = {isa = PBXBuildFile; fileRef = 34B3B57E0FD7E8390018C227 /* Server.m */; };
		34B3B5840FD7E8390018C227 /* TestI.m in Sources */ = {isa = PBXBuildFile; fileRef = 34B3B57F0FD7E8390018C227 /* TestI.m */; };
		34B3B5850FD7E8390018C227 /* ProxyTest.ice in Sources */ = {isa = PBXBuildFile; fileRef = 34B3B5800FD7E8390018C227 /* ProxyTest.ice */; };
		34B3B5860FD7E8390018C227 /* AllTests.m in Sources */ = {isa = PBXBuildFile; fileRef = 34B3B5810FD7E8390018C227 /* AllTests.m */; };
		34B3B58D0FD7E8440018C227 /* TestI.m in Sources */ = {isa = PBXBuildFile; fileRef = 34B3B5870FD7E8440018C227 /* TestI.m */; };
		34B3B58E0FD7E8440018C227 /* RetryTest.ice in Sources */ = {isa = PBXBuildFile; fileRef = 34B3B5880FD7E8440018C227 /* RetryTest.ice */; };
		34B3B58F0FD7E8440018C227 /* AllTests.m in Sources */ = {isa = PBXBuildFile; fileRef = 34B3B58A0FD7E8440018C227 /* AllTests.m */; };
		34B3B5900FD7E8440018C227 /* Client.m in Sources */ = {isa = PBXBuildFile; fileRef = 34B3B58B0FD7E8440018C227 /* Client.m */; };
		34B3B5910FD7E8440018C227 /* Server.m in Sources */ = {isa = PBXBuildFile; fileRef = 34B3B58C0FD7E8440018C227 /* Server.m */; };
		34B3B5980FD7E8560018C227 /* AllTests.m in Sources */ = {isa = PBXBuildFile; fileRef = 34B3B5920FD7E8560018C227 /* AllTests.m */; };
		34B3B5990FD7E8560018C227 /* Client.m in Sources */ = {isa = PBXBuildFile; fileRef = 34B3B5930FD7E8560018C227 /* Client.m */; };
		34B3B59A0FD7E8560018C227 /* Server.m in Sources */ = {isa = PBXBuildFile; fileRef = 34B3B5940FD7E8560018C227 /* Server.m */; };
		34B3B59B0FD7E8560018C227 /* TestI.m in Sources */ = {isa = PBXBuildFile; fileRef = 34B3B5950FD7E8560018C227 /* TestI.m */; };
		34B3B59C0FD7E8560018C227 /* TimeoutTest.ice in Sources */ = {isa = PBXBuildFile; fileRef = 34B3B5960FD7E8560018C227 /* TimeoutTest.ice */; };
		34B3B5A40FD7E8640018C227 /* AllTests.m in Sources */ = {isa = PBXBuildFile; fileRef = 34B3B59D0FD7E8640018C227 /* AllTests.m */; };
		34B3B5A50FD7E8640018C227 /* Client.m in Sources */ = {isa = PBXBuildFile; fileRef = 34B3B59E0FD7E8640018C227 /* Client.m */; };
		34B3B5A60FD7E8640018C227 /* SlicingExceptionsTestServer.ice in Sources */ = {isa = PBXBuildFile; fileRef = 34B3B59F0FD7E8640018C227 /* SlicingExceptionsTestServer.ice */; };
		34B3B5A70FD7E8640018C227 /* TestI.m in Sources */ = {isa = PBXBuildFile; fileRef = 34B3B5A00FD7E8640018C227 /* TestI.m */; };
		34B3B5A80FD7E8640018C227 /* SlicingExceptionsTestClient.ice in Sources */ = {isa = PBXBuildFile; fileRef = 34B3B5A20FD7E8640018C227 /* SlicingExceptionsTestClient.ice */; };
		34B3B5A90FD7E8640018C227 /* Server.m in Sources */ = {isa = PBXBuildFile; fileRef = 34B3B5A30FD7E8640018C227 /* Server.m */; };
		34B3B5B20FD7E8700018C227 /* SlicingObjectsTestServer.ice in Sources */ = {isa = PBXBuildFile; fileRef = 34B3B5AA0FD7E8700018C227 /* SlicingObjectsTestServer.ice */; settings = {COMPILER_FLAGS = "-I../../Ice/slicing/objects"; }; };
		34B3B5B30FD7E8700018C227 /* TestI.m in Sources */ = {isa = PBXBuildFile; fileRef = 34B3B5AB0FD7E8700018C227 /* TestI.m */; };
		34B3B5B40FD7E8700018C227 /* Client.m in Sources */ = {isa = PBXBuildFile; fileRef = 34B3B5AC0FD7E8700018C227 /* Client.m */; };
		34B3B5B50FD7E8700018C227 /* SlicingObjectsForward.ice in Sources */ = {isa = PBXBuildFile; fileRef = 34B3B5AD0FD7E8700018C227 /* SlicingObjectsForward.ice */; };
		34B3B5B60FD7E8700018C227 /* AllTests.m in Sources */ = {isa = PBXBuildFile; fileRef = 34B3B5AE0FD7E8700018C227 /* AllTests.m */; };
		34B3B5B70FD7E8700018C227 /* SlicingObjectsTestClient.ice in Sources */ = {isa = PBXBuildFile; fileRef = 34B3B5B00FD7E8700018C227 /* SlicingObjectsTestClient.ice */; settings = {COMPILER_FLAGS = "-I../../Ice/slicing/objects"; }; };
		34B3B5B80FD7E8700018C227 /* Server.m in Sources */ = {isa = PBXBuildFile; fileRef = 34B3B5B10FD7E8700018C227 /* Server.m */; };
		34B3B6030FD7EFCC0018C227 /* AdapterDeactivationTest.ice in Sources */ = {isa = PBXBuildFile; fileRef = 34B3B6020FD7EFCC0018C227 /* AdapterDeactivationTest.ice */; };
		34B3B66B0FD7F41C0018C227 /* OperationsTest.ice in Sources */ = {isa = PBXBuildFile; fileRef = 34B3B66A0FD7F41C0018C227 /* OperationsTest.ice */; };
		34B7662A0E8D55E700CE4701 /* TestSelectController.m in Sources */ = {isa = PBXBuildFile; fileRef = 34B766290E8D55E700CE4701 /* TestSelectController.m */; };
		34B7662C0E8D55FE00CE4701 /* TestSelect.xib in Resources */ = {isa = PBXBuildFile; fileRef = 34B7662B0E8D55FE00CE4701 /* TestSelect.xib */; };
		34B766340E8D56C700CE4701 /* Test.m in Sources */ = {isa = PBXBuildFile; fileRef = 34B766330E8D56C700CE4701 /* Test.m */; };
/* End PBXBuildFile section */

/* Begin PBXFileReference section */
		146B33FF0FE8BC61009C6199 /* AllTests.m */ = {isa = PBXFileReference; fileEncoding = 4; lastKnownFileType = sourcecode.c.objc; name = AllTests.m; path = ../../Ice/hold/AllTests.m; sourceTree = SOURCE_ROOT; };
		146B34000FE8BC61009C6199 /* Client.m */ = {isa = PBXFileReference; fileEncoding = 4; lastKnownFileType = sourcecode.c.objc; name = Client.m; path = ../../Ice/hold/Client.m; sourceTree = SOURCE_ROOT; };
		146B34010FE8BC61009C6199 /* Server.m */ = {isa = PBXFileReference; fileEncoding = 4; lastKnownFileType = sourcecode.c.objc; name = Server.m; path = ../../Ice/hold/Server.m; sourceTree = SOURCE_ROOT; };
		146B34030FE8BC61009C6199 /* TestI.h */ = {isa = PBXFileReference; fileEncoding = 4; lastKnownFileType = sourcecode.c.h; name = TestI.h; path = ../../Ice/hold/TestI.h; sourceTree = SOURCE_ROOT; };
		146B34040FE8BC61009C6199 /* TestI.m */ = {isa = PBXFileReference; fileEncoding = 4; lastKnownFileType = sourcecode.c.objc; name = TestI.m; path = ../../Ice/hold/TestI.m; sourceTree = SOURCE_ROOT; };
		146B340A0FE8BD58009C6199 /* HoldTest.ice */ = {isa = PBXFileReference; fileEncoding = 4; lastKnownFileType = sourcecode.slice; name = HoldTest.ice; path = ../../Ice/hold/HoldTest.ice; sourceTree = SOURCE_ROOT; };
		1D30AB110D05D00D00671497 /* Foundation.framework */ = {isa = PBXFileReference; lastKnownFileType = wrapper.framework; name = Foundation.framework; path = System/Library/Frameworks/Foundation.framework; sourceTree = SDKROOT; };
		1D3623240D0F684500981E51 /* AppDelegate.h */ = {isa = PBXFileReference; fileEncoding = 4; lastKnownFileType = sourcecode.c.h; path = AppDelegate.h; sourceTree = "<group>"; };
		1D3623250D0F684500981E51 /* AppDelegate.m */ = {isa = PBXFileReference; fileEncoding = 4; lastKnownFileType = sourcecode.c.objc; path = AppDelegate.m; sourceTree = "<group>"; };
		1D6058910D05DD3D006BFB54 /* container.app */ = {isa = PBXFileReference; explicitFileType = wrapper.application; includeInIndex = 0; path = container.app; sourceTree = BUILT_PRODUCTS_DIR; };
		1DF5F4DF0D08C38300B7A737 /* UIKit.framework */ = {isa = PBXFileReference; lastKnownFileType = wrapper.framework; name = UIKit.framework; path = System/Library/Frameworks/UIKit.framework; sourceTree = SDKROOT; };
		288765A40DF7441C002DB57D /* CoreGraphics.framework */ = {isa = PBXFileReference; lastKnownFileType = wrapper.framework; name = CoreGraphics.framework; path = System/Library/Frameworks/CoreGraphics.framework; sourceTree = SDKROOT; };
		2899E5210DE3E06400AC0155 /* TestView.xib */ = {isa = PBXFileReference; lastKnownFileType = file.xib; path = TestView.xib; sourceTree = "<group>"; };
		28AD733E0D9D9553002E5188 /* MainWindow.xib */ = {isa = PBXFileReference; lastKnownFileType = file.xib; path = MainWindow.xib; sourceTree = "<group>"; };
		28D7ACF60DDB3853001CB0EB /* TestViewController.h */ = {isa = PBXFileReference; fileEncoding = 4; lastKnownFileType = sourcecode.c.h; path = TestViewController.h; sourceTree = "<group>"; };
		28D7ACF70DDB3853001CB0EB /* TestViewController.m */ = {isa = PBXFileReference; fileEncoding = 4; lastKnownFileType = sourcecode.c.objc; path = TestViewController.m; sourceTree = "<group>"; };
		29B97316FDCFA39411CA2CEA /* main.m */ = {isa = PBXFileReference; fileEncoding = 4; lastKnownFileType = sourcecode.c.objc; path = main.m; sourceTree = "<group>"; };
		32CA4F630368D1EE00C91783 /* container_Prefix.pch */ = {isa = PBXFileReference; fileEncoding = 4; lastKnownFileType = sourcecode.c.h; path = container_Prefix.pch; sourceTree = "<group>"; };
		342EB9ED0E9261A3000051FA /* icon.png */ = {isa = PBXFileReference; lastKnownFileType = image.png; name = icon.png; path = Images/icon.png; sourceTree = "<group>"; };
		342EBA860E926E98000051FA /* c_rsa1024.pfx */ = {isa = PBXFileReference; lastKnownFileType = file; name = c_rsa1024.pfx; path = ../../certs/c_rsa1024.pfx; sourceTree = SOURCE_ROOT; };
		342EBA880E926E9F000051FA /* s_rsa1024.pfx */ = {isa = PBXFileReference; lastKnownFileType = file; name = s_rsa1024.pfx; path = ../../certs/s_rsa1024.pfx; sourceTree = SOURCE_ROOT; };
		342EBA8A0E926F90000051FA /* cacert.der */ = {isa = PBXFileReference; lastKnownFileType = file; name = cacert.der; path = ../../certs/cacert.der; sourceTree = SOURCE_ROOT; };
		344126360FD8E8EA00C8D69C /* Security.framework */ = {isa = PBXFileReference; lastKnownFileType = wrapper.framework; name = Security.framework; path = System/Library/Frameworks/Security.framework; sourceTree = SDKROOT; };
		344126370FD8E8EA00C8D69C /* CFNetwork.framework */ = {isa = PBXFileReference; lastKnownFileType = wrapper.framework; name = CFNetwork.framework; path = System/Library/Frameworks/CFNetwork.framework; sourceTree = SDKROOT; };
		34B3B4AA0FD7A7700018C227 /* AllTests.m */ = {isa = PBXFileReference; fileEncoding = 4; lastKnownFileType = sourcecode.c.objc; name = AllTests.m; path = ../../Ice/operations/AllTests.m; sourceTree = SOURCE_ROOT; };
		34B3B4AB0FD7A7700018C227 /* BatchOneways.m */ = {isa = PBXFileReference; fileEncoding = 4; lastKnownFileType = sourcecode.c.objc; name = BatchOneways.m; path = ../../Ice/operations/BatchOneways.m; sourceTree = SOURCE_ROOT; };
		34B3B4AC0FD7A7700018C227 /* Client.m */ = {isa = PBXFileReference; fileEncoding = 4; lastKnownFileType = sourcecode.c.objc; name = Client.m; path = ../../Ice/operations/Client.m; sourceTree = SOURCE_ROOT; };
		34B3B4AD0FD7A7700018C227 /* Oneways.m */ = {isa = PBXFileReference; fileEncoding = 4; lastKnownFileType = sourcecode.c.objc; name = Oneways.m; path = ../../Ice/operations/Oneways.m; sourceTree = SOURCE_ROOT; };
		34B3B4AE0FD7A7700018C227 /* OnewaysAMI.m */ = {isa = PBXFileReference; fileEncoding = 4; lastKnownFileType = sourcecode.c.objc; name = OnewaysAMI.m; path = ../../Ice/operations/OnewaysAMI.m; sourceTree = SOURCE_ROOT; };
		34B3B4AF0FD7A7700018C227 /* Server.m */ = {isa = PBXFileReference; fileEncoding = 4; lastKnownFileType = sourcecode.c.objc; name = Server.m; path = ../../Ice/operations/Server.m; sourceTree = SOURCE_ROOT; };
		34B3B4B30FD7A7700018C227 /* Twoways.m */ = {isa = PBXFileReference; fileEncoding = 4; lastKnownFileType = sourcecode.c.objc; name = Twoways.m; path = ../../Ice/operations/Twoways.m; sourceTree = SOURCE_ROOT; };
		34B3B4B40FD7A7700018C227 /* TwowaysAMI.m */ = {isa = PBXFileReference; fileEncoding = 4; lastKnownFileType = sourcecode.c.objc; name = TwowaysAMI.m; path = ../../Ice/operations/TwowaysAMI.m; sourceTree = SOURCE_ROOT; };
		34B3B4F00FD7A9660018C227 /* TestI.h */ = {isa = PBXFileReference; fileEncoding = 4; lastKnownFileType = sourcecode.c.h; name = TestI.h; path = ../../Ice/operations/TestI.h; sourceTree = SOURCE_ROOT; };
		34B3B4F10FD7A9660018C227 /* TestI.m */ = {isa = PBXFileReference; fileEncoding = 4; lastKnownFileType = sourcecode.c.objc; name = TestI.m; path = ../../Ice/operations/TestI.m; sourceTree = SOURCE_ROOT; };
		34B3B5000FD7AB5C0018C227 /* TestCommon.m */ = {isa = PBXFileReference; fileEncoding = 4; lastKnownFileType = sourcecode.c.objc; name = TestCommon.m; path = ../../Common/TestCommon.m; sourceTree = SOURCE_ROOT; };
		34B3B5180FD7E7740018C227 /* AllTests.m */ = {isa = PBXFileReference; fileEncoding = 4; lastKnownFileType = sourcecode.c.objc; name = AllTests.m; path = ../../Ice/adapterDeactivation/AllTests.m; sourceTree = SOURCE_ROOT; };
		34B3B5190FD7E7740018C227 /* Client.m */ = {isa = PBXFileReference; fileEncoding = 4; lastKnownFileType = sourcecode.c.objc; name = Client.m; path = ../../Ice/adapterDeactivation/Client.m; sourceTree = SOURCE_ROOT; };
		34B3B51C0FD7E7740018C227 /* Server.m */ = {isa = PBXFileReference; fileEncoding = 4; lastKnownFileType = sourcecode.c.objc; name = Server.m; path = ../../Ice/adapterDeactivation/Server.m; sourceTree = SOURCE_ROOT; };
		34B3B51E0FD7E7740018C227 /* TestI.h */ = {isa = PBXFileReference; fileEncoding = 4; lastKnownFileType = sourcecode.c.h; name = TestI.h; path = ../../Ice/adapterDeactivation/TestI.h; sourceTree = SOURCE_ROOT; };
		34B3B51F0FD7E7740018C227 /* TestI.m */ = {isa = PBXFileReference; fileEncoding = 4; lastKnownFileType = sourcecode.c.objc; name = TestI.m; path = ../../Ice/adapterDeactivation/TestI.m; sourceTree = SOURCE_ROOT; };
		34B3B5260FD7E78B0018C227 /* AllTests.m */ = {isa = PBXFileReference; fileEncoding = 4; lastKnownFileType = sourcecode.c.objc; name = AllTests.m; path = ../../Ice/binding/AllTests.m; sourceTree = SOURCE_ROOT; };
		34B3B5270FD7E78B0018C227 /* Client.m */ = {isa = PBXFileReference; fileEncoding = 4; lastKnownFileType = sourcecode.c.objc; name = Client.m; path = ../../Ice/binding/Client.m; sourceTree = SOURCE_ROOT; };
		34B3B5280FD7E78B0018C227 /* Server.m */ = {isa = PBXFileReference; fileEncoding = 4; lastKnownFileType = sourcecode.c.objc; name = Server.m; path = ../../Ice/binding/Server.m; sourceTree = SOURCE_ROOT; };
		34B3B5290FD7E78B0018C227 /* BindingTest.ice */ = {isa = PBXFileReference; fileEncoding = 4; lastKnownFileType = sourcecode.slice; name = BindingTest.ice; path = ../../Ice/binding/BindingTest.ice; sourceTree = SOURCE_ROOT; };
		34B3B52A0FD7E78B0018C227 /* TestI.h */ = {isa = PBXFileReference; fileEncoding = 4; lastKnownFileType = sourcecode.c.h; name = TestI.h; path = ../../Ice/binding/TestI.h; sourceTree = SOURCE_ROOT; };
		34B3B52B0FD7E78B0018C227 /* TestI.m */ = {isa = PBXFileReference; fileEncoding = 4; lastKnownFileType = sourcecode.c.objc; name = TestI.m; path = ../../Ice/binding/TestI.m; sourceTree = SOURCE_ROOT; };
		34B3B5310FD7E7BD0018C227 /* MyObjectI.h */ = {isa = PBXFileReference; fileEncoding = 4; lastKnownFileType = sourcecode.c.h; name = MyObjectI.h; path = ../../Ice/defaultServant/MyObjectI.h; sourceTree = SOURCE_ROOT; };
		34B3B5320FD7E7BD0018C227 /* Client.m */ = {isa = PBXFileReference; fileEncoding = 4; lastKnownFileType = sourcecode.c.objc; name = Client.m; path = ../../Ice/defaultServant/Client.m; sourceTree = SOURCE_ROOT; };
		34B3B5330FD7E7BD0018C227 /* DefaultServantTest.ice */ = {isa = PBXFileReference; fileEncoding = 4; lastKnownFileType = sourcecode.slice; name = DefaultServantTest.ice; path = ../../Ice/defaultServant/DefaultServantTest.ice; sourceTree = SOURCE_ROOT; };
		34B3B5340FD7E7BD0018C227 /* MyObjectI.m */ = {isa = PBXFileReference; fileEncoding = 4; lastKnownFileType = sourcecode.c.objc; name = MyObjectI.m; path = ../../Ice/defaultServant/MyObjectI.m; sourceTree = SOURCE_ROOT; };
		34B3B5380FD7E7CA0018C227 /* Client.m */ = {isa = PBXFileReference; fileEncoding = 4; lastKnownFileType = sourcecode.c.objc; name = Client.m; path = ../../Ice/exceptions/Client.m; sourceTree = SOURCE_ROOT; };
		34B3B5390FD7E7CA0018C227 /* ExceptionsTest.ice */ = {isa = PBXFileReference; fileEncoding = 4; lastKnownFileType = sourcecode.slice; name = ExceptionsTest.ice; path = ../../Ice/exceptions/ExceptionsTest.ice; sourceTree = SOURCE_ROOT; };
		34B3B53A0FD7E7CA0018C227 /* TestI.m */ = {isa = PBXFileReference; fileEncoding = 4; lastKnownFileType = sourcecode.c.objc; name = TestI.m; path = ../../Ice/exceptions/TestI.m; sourceTree = SOURCE_ROOT; };
		34B3B53B0FD7E7CA0018C227 /* AllTests.m */ = {isa = PBXFileReference; fileEncoding = 4; lastKnownFileType = sourcecode.c.objc; name = AllTests.m; path = ../../Ice/exceptions/AllTests.m; sourceTree = SOURCE_ROOT; };
		34B3B53C0FD7E7CA0018C227 /* TestI.h */ = {isa = PBXFileReference; fileEncoding = 4; lastKnownFileType = sourcecode.c.h; name = TestI.h; path = ../../Ice/exceptions/TestI.h; sourceTree = SOURCE_ROOT; };
		34B3B53D0FD7E7CA0018C227 /* Server.m */ = {isa = PBXFileReference; fileEncoding = 4; lastKnownFileType = sourcecode.c.objc; name = Server.m; path = ../../Ice/exceptions/Server.m; sourceTree = SOURCE_ROOT; };
		34B3B5430FD7E7E60018C227 /* TestI.m */ = {isa = PBXFileReference; fileEncoding = 4; lastKnownFileType = sourcecode.c.objc; name = TestI.m; path = ../../Ice/facets/TestI.m; sourceTree = SOURCE_ROOT; };
		34B3B5440FD7E7E60018C227 /* AllTests.m */ = {isa = PBXFileReference; fileEncoding = 4; lastKnownFileType = sourcecode.c.objc; name = AllTests.m; path = ../../Ice/facets/AllTests.m; sourceTree = SOURCE_ROOT; };
		34B3B5450FD7E7E60018C227 /* Client.m */ = {isa = PBXFileReference; fileEncoding = 4; lastKnownFileType = sourcecode.c.objc; name = Client.m; path = ../../Ice/facets/Client.m; sourceTree = SOURCE_ROOT; };
		34B3B5460FD7E7E60018C227 /* FacetsTest.ice */ = {isa = PBXFileReference; fileEncoding = 4; lastKnownFileType = sourcecode.slice; name = FacetsTest.ice; path = ../../Ice/facets/FacetsTest.ice; sourceTree = SOURCE_ROOT; };
		34B3B5470FD7E7E60018C227 /* TestI.h */ = {isa = PBXFileReference; fileEncoding = 4; lastKnownFileType = sourcecode.c.h; name = TestI.h; path = ../../Ice/facets/TestI.h; sourceTree = SOURCE_ROOT; };
		34B3B5480FD7E7E60018C227 /* Server.m */ = {isa = PBXFileReference; fileEncoding = 4; lastKnownFileType = sourcecode.c.objc; name = Server.m; path = ../../Ice/facets/Server.m; sourceTree = SOURCE_ROOT; };
		34B3B54E0FD7E7FB0018C227 /* TestI.h */ = {isa = PBXFileReference; fileEncoding = 4; lastKnownFileType = sourcecode.c.h; name = TestI.h; path = ../../Ice/inheritance/TestI.h; sourceTree = SOURCE_ROOT; };
		34B3B54F0FD7E7FB0018C227 /* AllTests.m */ = {isa = PBXFileReference; fileEncoding = 4; lastKnownFileType = sourcecode.c.objc; name = AllTests.m; path = ../../Ice/inheritance/AllTests.m; sourceTree = SOURCE_ROOT; };
		34B3B5500FD7E7FB0018C227 /* TestI.m */ = {isa = PBXFileReference; fileEncoding = 4; lastKnownFileType = sourcecode.c.objc; name = TestI.m; path = ../../Ice/inheritance/TestI.m; sourceTree = SOURCE_ROOT; };
		34B3B5510FD7E7FB0018C227 /* Server.m */ = {isa = PBXFileReference; fileEncoding = 4; lastKnownFileType = sourcecode.c.objc; name = Server.m; path = ../../Ice/inheritance/Server.m; sourceTree = SOURCE_ROOT; };
		34B3B5520FD7E7FB0018C227 /* InheritanceTest.ice */ = {isa = PBXFileReference; fileEncoding = 4; lastKnownFileType = sourcecode.slice; name = InheritanceTest.ice; path = ../../Ice/inheritance/InheritanceTest.ice; sourceTree = SOURCE_ROOT; };
		34B3B5530FD7E7FB0018C227 /* Client.m */ = {isa = PBXFileReference; fileEncoding = 4; lastKnownFileType = sourcecode.c.objc; name = Client.m; path = ../../Ice/inheritance/Client.m; sourceTree = SOURCE_ROOT; };
		34B3B5590FD7E8080018C227 /* InterceptorTest.ice */ = {isa = PBXFileReference; fileEncoding = 4; lastKnownFileType = sourcecode.slice; name = InterceptorTest.ice; path = ../../Ice/interceptor/InterceptorTest.ice; sourceTree = SOURCE_ROOT; };
		34B3B55A0FD7E8080018C227 /* MyObjectI.h */ = {isa = PBXFileReference; fileEncoding = 4; lastKnownFileType = sourcecode.c.h; name = MyObjectI.h; path = ../../Ice/interceptor/MyObjectI.h; sourceTree = SOURCE_ROOT; };
		34B3B55B0FD7E8080018C227 /* MyObjectI.m */ = {isa = PBXFileReference; fileEncoding = 4; lastKnownFileType = sourcecode.c.objc; name = MyObjectI.m; path = ../../Ice/interceptor/MyObjectI.m; sourceTree = SOURCE_ROOT; };
		34B3B55C0FD7E8080018C227 /* Client.m */ = {isa = PBXFileReference; fileEncoding = 4; lastKnownFileType = sourcecode.c.objc; name = Client.m; path = ../../Ice/interceptor/Client.m; sourceTree = SOURCE_ROOT; };
		34B3B55D0FD7E8080018C227 /* InterceptorI.m */ = {isa = PBXFileReference; fileEncoding = 4; lastKnownFileType = sourcecode.c.objc; name = InterceptorI.m; path = ../../Ice/interceptor/InterceptorI.m; sourceTree = SOURCE_ROOT; };
		34B3B55E0FD7E8080018C227 /* InterceptorI.h */ = {isa = PBXFileReference; fileEncoding = 4; lastKnownFileType = sourcecode.c.h; name = InterceptorI.h; path = ../../Ice/interceptor/InterceptorI.h; sourceTree = SOURCE_ROOT; };
		34B3B5630FD7E81B0018C227 /* Client.m */ = {isa = PBXFileReference; fileEncoding = 4; lastKnownFileType = sourcecode.c.objc; name = Client.m; path = ../../Ice/location/Client.m; sourceTree = SOURCE_ROOT; };
		34B3B5640FD7E81B0018C227 /* TestI.h */ = {isa = PBXFileReference; fileEncoding = 4; lastKnownFileType = sourcecode.c.h; name = TestI.h; path = ../../Ice/location/TestI.h; sourceTree = SOURCE_ROOT; };
		34B3B5650FD7E81B0018C227 /* Server.m */ = {isa = PBXFileReference; fileEncoding = 4; lastKnownFileType = sourcecode.c.objc; name = Server.m; path = ../../Ice/location/Server.m; sourceTree = SOURCE_ROOT; };
		34B3B5660FD7E81B0018C227 /* TestI.m */ = {isa = PBXFileReference; fileEncoding = 4; lastKnownFileType = sourcecode.c.objc; name = TestI.m; path = ../../Ice/location/TestI.m; sourceTree = SOURCE_ROOT; };
		34B3B5670FD7E81B0018C227 /* LocationTest.ice */ = {isa = PBXFileReference; fileEncoding = 4; lastKnownFileType = sourcecode.slice; name = LocationTest.ice; path = ../../Ice/location/LocationTest.ice; sourceTree = SOURCE_ROOT; };
		34B3B5680FD7E81B0018C227 /* ServerLocator.m */ = {isa = PBXFileReference; fileEncoding = 4; lastKnownFileType = sourcecode.c.objc; name = ServerLocator.m; path = ../../Ice/location/ServerLocator.m; sourceTree = SOURCE_ROOT; };
		34B3B5690FD7E81B0018C227 /* ServerLocator.h */ = {isa = PBXFileReference; fileEncoding = 4; lastKnownFileType = sourcecode.c.h; name = ServerLocator.h; path = ../../Ice/location/ServerLocator.h; sourceTree = SOURCE_ROOT; };
		34B3B56A0FD7E81B0018C227 /* AllTests.m */ = {isa = PBXFileReference; fileEncoding = 4; lastKnownFileType = sourcecode.c.objc; name = AllTests.m; path = ../../Ice/location/AllTests.m; sourceTree = SOURCE_ROOT; };
		34B3B5710FD7E8270018C227 /* Client.m */ = {isa = PBXFileReference; fileEncoding = 4; lastKnownFileType = sourcecode.c.objc; name = Client.m; path = ../../Ice/objects/Client.m; sourceTree = SOURCE_ROOT; };
		34B3B5720FD7E8270018C227 /* TestI.m */ = {isa = PBXFileReference; fileEncoding = 4; lastKnownFileType = sourcecode.c.objc; name = TestI.m; path = ../../Ice/objects/TestI.m; sourceTree = SOURCE_ROOT; };
		34B3B5730FD7E8270018C227 /* ObjectsTest.ice */ = {isa = PBXFileReference; fileEncoding = 4; lastKnownFileType = sourcecode.slice; name = ObjectsTest.ice; path = ../../Ice/objects/ObjectsTest.ice; sourceTree = SOURCE_ROOT; };
		34B3B5740FD7E8270018C227 /* Server.m */ = {isa = PBXFileReference; fileEncoding = 4; lastKnownFileType = sourcecode.c.objc; name = Server.m; path = ../../Ice/objects/Server.m; sourceTree = SOURCE_ROOT; };
		34B3B5750FD7E8270018C227 /* TestI.h */ = {isa = PBXFileReference; fileEncoding = 4; lastKnownFileType = sourcecode.c.h; name = TestI.h; path = ../../Ice/objects/TestI.h; sourceTree = SOURCE_ROOT; };
		34B3B5760FD7E8270018C227 /* AllTests.m */ = {isa = PBXFileReference; fileEncoding = 4; lastKnownFileType = sourcecode.c.objc; name = AllTests.m; path = ../../Ice/objects/AllTests.m; sourceTree = SOURCE_ROOT; };
		34B3B57C0FD7E8390018C227 /* TestI.h */ = {isa = PBXFileReference; fileEncoding = 4; lastKnownFileType = sourcecode.c.h; name = TestI.h; path = ../../Ice/proxy/TestI.h; sourceTree = SOURCE_ROOT; };
		34B3B57D0FD7E8390018C227 /* Client.m */ = {isa = PBXFileReference; fileEncoding = 4; lastKnownFileType = sourcecode.c.objc; name = Client.m; path = ../../Ice/proxy/Client.m; sourceTree = SOURCE_ROOT; };
		34B3B57E0FD7E8390018C227 /* Server.m */ = {isa = PBXFileReference; fileEncoding = 4; lastKnownFileType = sourcecode.c.objc; name = Server.m; path = ../../Ice/proxy/Server.m; sourceTree = SOURCE_ROOT; };
		34B3B57F0FD7E8390018C227 /* TestI.m */ = {isa = PBXFileReference; fileEncoding = 4; lastKnownFileType = sourcecode.c.objc; name = TestI.m; path = ../../Ice/proxy/TestI.m; sourceTree = SOURCE_ROOT; };
		34B3B5800FD7E8390018C227 /* ProxyTest.ice */ = {isa = PBXFileReference; fileEncoding = 4; lastKnownFileType = sourcecode.slice; name = ProxyTest.ice; path = ../../Ice/proxy/ProxyTest.ice; sourceTree = SOURCE_ROOT; };
		34B3B5810FD7E8390018C227 /* AllTests.m */ = {isa = PBXFileReference; fileEncoding = 4; lastKnownFileType = sourcecode.c.objc; name = AllTests.m; path = ../../Ice/proxy/AllTests.m; sourceTree = SOURCE_ROOT; };
		34B3B5870FD7E8440018C227 /* TestI.m */ = {isa = PBXFileReference; fileEncoding = 4; lastKnownFileType = sourcecode.c.objc; name = TestI.m; path = ../../Ice/retry/TestI.m; sourceTree = SOURCE_ROOT; };
		34B3B5880FD7E8440018C227 /* RetryTest.ice */ = {isa = PBXFileReference; fileEncoding = 4; lastKnownFileType = sourcecode.slice; name = RetryTest.ice; path = ../../Ice/retry/RetryTest.ice; sourceTree = SOURCE_ROOT; };
		34B3B5890FD7E8440018C227 /* TestI.h */ = {isa = PBXFileReference; fileEncoding = 4; lastKnownFileType = sourcecode.c.h; name = TestI.h; path = ../../Ice/retry/TestI.h; sourceTree = SOURCE_ROOT; };
		34B3B58A0FD7E8440018C227 /* AllTests.m */ = {isa = PBXFileReference; fileEncoding = 4; lastKnownFileType = sourcecode.c.objc; name = AllTests.m; path = ../../Ice/retry/AllTests.m; sourceTree = SOURCE_ROOT; };
		34B3B58B0FD7E8440018C227 /* Client.m */ = {isa = PBXFileReference; fileEncoding = 4; lastKnownFileType = sourcecode.c.objc; name = Client.m; path = ../../Ice/retry/Client.m; sourceTree = SOURCE_ROOT; };
		34B3B58C0FD7E8440018C227 /* Server.m */ = {isa = PBXFileReference; fileEncoding = 4; lastKnownFileType = sourcecode.c.objc; name = Server.m; path = ../../Ice/retry/Server.m; sourceTree = SOURCE_ROOT; };
		34B3B5920FD7E8560018C227 /* AllTests.m */ = {isa = PBXFileReference; fileEncoding = 4; lastKnownFileType = sourcecode.c.objc; name = AllTests.m; path = ../../Ice/timeout/AllTests.m; sourceTree = SOURCE_ROOT; };
		34B3B5930FD7E8560018C227 /* Client.m */ = {isa = PBXFileReference; fileEncoding = 4; lastKnownFileType = sourcecode.c.objc; name = Client.m; path = ../../Ice/timeout/Client.m; sourceTree = SOURCE_ROOT; };
		34B3B5940FD7E8560018C227 /* Server.m */ = {isa = PBXFileReference; fileEncoding = 4; lastKnownFileType = sourcecode.c.objc; name = Server.m; path = ../../Ice/timeout/Server.m; sourceTree = SOURCE_ROOT; };
		34B3B5950FD7E8560018C227 /* TestI.m */ = {isa = PBXFileReference; fileEncoding = 4; lastKnownFileType = sourcecode.c.objc; name = TestI.m; path = ../../Ice/timeout/TestI.m; sourceTree = SOURCE_ROOT; };
		34B3B5960FD7E8560018C227 /* TimeoutTest.ice */ = {isa = PBXFileReference; fileEncoding = 4; lastKnownFileType = sourcecode.slice; name = TimeoutTest.ice; path = ../../Ice/timeout/TimeoutTest.ice; sourceTree = SOURCE_ROOT; };
		34B3B5970FD7E8560018C227 /* TestI.h */ = {isa = PBXFileReference; fileEncoding = 4; lastKnownFileType = sourcecode.c.h; name = TestI.h; path = ../../Ice/timeout/TestI.h; sourceTree = SOURCE_ROOT; };
		34B3B59D0FD7E8640018C227 /* AllTests.m */ = {isa = PBXFileReference; fileEncoding = 4; lastKnownFileType = sourcecode.c.objc; name = AllTests.m; path = ../../Ice/slicing/exceptions/AllTests.m; sourceTree = SOURCE_ROOT; };
		34B3B59E0FD7E8640018C227 /* Client.m */ = {isa = PBXFileReference; fileEncoding = 4; lastKnownFileType = sourcecode.c.objc; name = Client.m; path = ../../Ice/slicing/exceptions/Client.m; sourceTree = SOURCE_ROOT; };
		34B3B59F0FD7E8640018C227 /* SlicingExceptionsTestServer.ice */ = {isa = PBXFileReference; fileEncoding = 4; lastKnownFileType = sourcecode.slice; name = SlicingExceptionsTestServer.ice; path = ../../Ice/slicing/exceptions/SlicingExceptionsTestServer.ice; sourceTree = SOURCE_ROOT; };
		34B3B5A00FD7E8640018C227 /* TestI.m */ = {isa = PBXFileReference; fileEncoding = 4; lastKnownFileType = sourcecode.c.objc; name = TestI.m; path = ../../Ice/slicing/exceptions/TestI.m; sourceTree = SOURCE_ROOT; };
		34B3B5A10FD7E8640018C227 /* TestI.h */ = {isa = PBXFileReference; fileEncoding = 4; lastKnownFileType = sourcecode.c.h; name = TestI.h; path = ../../Ice/slicing/exceptions/TestI.h; sourceTree = SOURCE_ROOT; };
		34B3B5A20FD7E8640018C227 /* SlicingExceptionsTestClient.ice */ = {isa = PBXFileReference; fileEncoding = 4; lastKnownFileType = sourcecode.slice; name = SlicingExceptionsTestClient.ice; path = ../../Ice/slicing/exceptions/SlicingExceptionsTestClient.ice; sourceTree = SOURCE_ROOT; };
		34B3B5A30FD7E8640018C227 /* Server.m */ = {isa = PBXFileReference; fileEncoding = 4; lastKnownFileType = sourcecode.c.objc; name = Server.m; path = ../../Ice/slicing/exceptions/Server.m; sourceTree = SOURCE_ROOT; };
		34B3B5AA0FD7E8700018C227 /* SlicingObjectsTestServer.ice */ = {isa = PBXFileReference; fileEncoding = 4; lastKnownFileType = sourcecode.slice; name = SlicingObjectsTestServer.ice; path = ../../Ice/slicing/objects/SlicingObjectsTestServer.ice; sourceTree = SOURCE_ROOT; };
		34B3B5AB0FD7E8700018C227 /* TestI.m */ = {isa = PBXFileReference; fileEncoding = 4; lastKnownFileType = sourcecode.c.objc; name = TestI.m; path = ../../Ice/slicing/objects/TestI.m; sourceTree = SOURCE_ROOT; };
		34B3B5AC0FD7E8700018C227 /* Client.m */ = {isa = PBXFileReference; fileEncoding = 4; lastKnownFileType = sourcecode.c.objc; name = Client.m; path = ../../Ice/slicing/objects/Client.m; sourceTree = SOURCE_ROOT; };
		34B3B5AD0FD7E8700018C227 /* SlicingObjectsForward.ice */ = {isa = PBXFileReference; fileEncoding = 4; lastKnownFileType = sourcecode.slice; name = SlicingObjectsForward.ice; path = ../../Ice/slicing/objects/SlicingObjectsForward.ice; sourceTree = SOURCE_ROOT; };
		34B3B5AE0FD7E8700018C227 /* AllTests.m */ = {isa = PBXFileReference; fileEncoding = 4; lastKnownFileType = sourcecode.c.objc; name = AllTests.m; path = ../../Ice/slicing/objects/AllTests.m; sourceTree = SOURCE_ROOT; };
		34B3B5AF0FD7E8700018C227 /* TestI.h */ = {isa = PBXFileReference; fileEncoding = 4; lastKnownFileType = sourcecode.c.h; name = TestI.h; path = ../../Ice/slicing/objects/TestI.h; sourceTree = SOURCE_ROOT; };
		34B3B5B00FD7E8700018C227 /* SlicingObjectsTestClient.ice */ = {isa = PBXFileReference; fileEncoding = 4; lastKnownFileType = sourcecode.slice; name = SlicingObjectsTestClient.ice; path = ../../Ice/slicing/objects/SlicingObjectsTestClient.ice; sourceTree = SOURCE_ROOT; };
		34B3B5B10FD7E8700018C227 /* Server.m */ = {isa = PBXFileReference; fileEncoding = 4; lastKnownFileType = sourcecode.c.objc; name = Server.m; path = ../../Ice/slicing/objects/Server.m; sourceTree = SOURCE_ROOT; };
		34B3B6020FD7EFCC0018C227 /* AdapterDeactivationTest.ice */ = {isa = PBXFileReference; fileEncoding = 4; lastKnownFileType = sourcecode.slice; name = AdapterDeactivationTest.ice; path = ../../Ice/adapterDeactivation/AdapterDeactivationTest.ice; sourceTree = SOURCE_ROOT; };
		34B3B66A0FD7F41C0018C227 /* OperationsTest.ice */ = {isa = PBXFileReference; fileEncoding = 4; lastKnownFileType = sourcecode.slice; name = OperationsTest.ice; path = ../../Ice/operations/OperationsTest.ice; sourceTree = SOURCE_ROOT; };
		34B766280E8D55E700CE4701 /* TestSelectController.h */ = {isa = PBXFileReference; fileEncoding = 4; lastKnownFileType = sourcecode.c.h; path = TestSelectController.h; sourceTree = "<group>"; };
		34B766290E8D55E700CE4701 /* TestSelectController.m */ = {isa = PBXFileReference; fileEncoding = 4; lastKnownFileType = sourcecode.c.objc; path = TestSelectController.m; sourceTree = "<group>"; };
		34B7662B0E8D55FE00CE4701 /* TestSelect.xib */ = {isa = PBXFileReference; lastKnownFileType = file.xib; path = TestSelect.xib; sourceTree = "<group>"; };
		34B766320E8D56C700CE4701 /* Test.h */ = {isa = PBXFileReference; fileEncoding = 4; lastKnownFileType = sourcecode.c.h; path = Test.h; sourceTree = "<group>"; };
		34B766330E8D56C700CE4701 /* Test.m */ = {isa = PBXFileReference; fileEncoding = 4; lastKnownFileType = sourcecode.c.objc; path = Test.m; sourceTree = "<group>"; };
		8D1107310486CEB800E47090 /* Info.plist */ = {isa = PBXFileReference; fileEncoding = 4; lastKnownFileType = text.plist.xml; path = Info.plist; sourceTree = "<group>"; };
/* End PBXFileReference section */

/* Begin PBXFrameworksBuildPhase section */
		1D60588F0D05DD3D006BFB54 /* Frameworks */ = {
			isa = PBXFrameworksBuildPhase;
			buildActionMask = 2147483647;
			files = (
				1D60589F0D05DD5A006BFB54 /* Foundation.framework in Frameworks */,
				1DF5F4E00D08C38300B7A737 /* UIKit.framework in Frameworks */,
				288765A50DF7441C002DB57D /* CoreGraphics.framework in Frameworks */,
				344126380FD8E8EA00C8D69C /* Security.framework in Frameworks */,
				344126390FD8E8EA00C8D69C /* CFNetwork.framework in Frameworks */,
			);
			runOnlyForDeploymentPostprocessing = 0;
		};
/* End PBXFrameworksBuildPhase section */

/* Begin PBXGroup section */
		080E96DDFE201D6D7F000001 /* Classes */ = {
			isa = PBXGroup;
			children = (
				1D3623240D0F684500981E51 /* AppDelegate.h */,
				1D3623250D0F684500981E51 /* AppDelegate.m */,
				28D7ACF60DDB3853001CB0EB /* TestViewController.h */,
				28D7ACF70DDB3853001CB0EB /* TestViewController.m */,
				34B766280E8D55E700CE4701 /* TestSelectController.h */,
				34B766290E8D55E700CE4701 /* TestSelectController.m */,
				34B766320E8D56C700CE4701 /* Test.h */,
				34B766330E8D56C700CE4701 /* Test.m */,
			);
			path = Classes;
			sourceTree = "<group>";
		};
		146B33FE0FE8BBF9009C6199 /* hold */ = {
			isa = PBXGroup;
			children = (
				146B340A0FE8BD58009C6199 /* HoldTest.ice */,
				146B33FF0FE8BC61009C6199 /* AllTests.m */,
				146B34000FE8BC61009C6199 /* Client.m */,
				146B34010FE8BC61009C6199 /* Server.m */,
				146B34030FE8BC61009C6199 /* TestI.h */,
				146B34040FE8BC61009C6199 /* TestI.m */,
			);
			name = hold;
			sourceTree = "<group>";
		};
		19C28FACFE9D520D11CA2CBB /* Products */ = {
			isa = PBXGroup;
			children = (
				1D6058910D05DD3D006BFB54 /* container.app */,
			);
			name = Products;
			sourceTree = "<group>";
		};
		29B97314FDCFA39411CA2CEA /* CustomTemplate */ = {
			isa = PBXGroup;
			children = (
				146B33FE0FE8BBF9009C6199 /* hold */,
				34B3B5160FD7E7490018C227 /* slicing-exceptions */,
				34B3B5150FD7E7420018C227 /* slicing-objects */,
				34B3B5140FD7E73E0018C227 /* timeout */,
				34B3B5120FD7E7340018C227 /* retry */,
				34B3B5110FD7E72F0018C227 /* proxy */,
				34B3B50F0FD7E7280018C227 /* objects */,
				34B3B50E0FD7E7230018C227 /* location */,
				34B3B5090FD7E71D0018C227 /* interceptor */,
				34B3B5080FD7E7130018C227 /* inheritance */,
				34B3B5070FD7E7090018C227 /* facets */,
				34B3B5060FD7E7030018C227 /* exceptions */,
				34B3B5050FD7E6FC0018C227 /* defaultServant */,
				34B3B5040FD7E6F60018C227 /* binding */,
				34B3B5030FD7E6EB0018C227 /* adapterDeactivation */,
				34B3B4FF0FD7AB4E0018C227 /* Common */,
				34B3B4A90FD7A7510018C227 /* operations */,
				342EB9E60E92600E000051FA /* Images */,
				080E96DDFE201D6D7F000001 /* Classes */,
				29B97315FDCFA39411CA2CEA /* Other Sources */,
				29B97317FDCFA39411CA2CEA /* Resources */,
				29B97323FDCFA39411CA2CEA /* Frameworks */,
				19C28FACFE9D520D11CA2CBB /* Products */,
			);
			name = CustomTemplate;
			sourceTree = "<group>";
		};
		29B97315FDCFA39411CA2CEA /* Other Sources */ = {
			isa = PBXGroup;
			children = (
				32CA4F630368D1EE00C91783 /* container_Prefix.pch */,
				29B97316FDCFA39411CA2CEA /* main.m */,
			);
			name = "Other Sources";
			sourceTree = "<group>";
		};
		29B97317FDCFA39411CA2CEA /* Resources */ = {
			isa = PBXGroup;
			children = (
				342EBA8A0E926F90000051FA /* cacert.der */,
				342EBA880E926E9F000051FA /* s_rsa1024.pfx */,
				342EBA860E926E98000051FA /* c_rsa1024.pfx */,
				2899E5210DE3E06400AC0155 /* TestView.xib */,
				28AD733E0D9D9553002E5188 /* MainWindow.xib */,
				8D1107310486CEB800E47090 /* Info.plist */,
				34B7662B0E8D55FE00CE4701 /* TestSelect.xib */,
			);
			name = Resources;
			sourceTree = "<group>";
		};
		29B97323FDCFA39411CA2CEA /* Frameworks */ = {
			isa = PBXGroup;
			children = (
				344126360FD8E8EA00C8D69C /* Security.framework */,
				344126370FD8E8EA00C8D69C /* CFNetwork.framework */,
				1DF5F4DF0D08C38300B7A737 /* UIKit.framework */,
				1D30AB110D05D00D00671497 /* Foundation.framework */,
				288765A40DF7441C002DB57D /* CoreGraphics.framework */,
			);
			name = Frameworks;
			sourceTree = "<group>";
		};
		342EB9E60E92600E000051FA /* Images */ = {
			isa = PBXGroup;
			children = (
				342EB9ED0E9261A3000051FA /* icon.png */,
			);
			name = Images;
			sourceTree = "<group>";
		};
		34B3B4A90FD7A7510018C227 /* operations */ = {
			isa = PBXGroup;
			children = (
				34B3B66A0FD7F41C0018C227 /* OperationsTest.ice */,
				34B3B4F00FD7A9660018C227 /* TestI.h */,
				34B3B4F10FD7A9660018C227 /* TestI.m */,
				34B3B4AA0FD7A7700018C227 /* AllTests.m */,
				34B3B4AB0FD7A7700018C227 /* BatchOneways.m */,
				34B3B4AC0FD7A7700018C227 /* Client.m */,
				34B3B4AD0FD7A7700018C227 /* Oneways.m */,
				34B3B4AE0FD7A7700018C227 /* OnewaysAMI.m */,
				34B3B4AF0FD7A7700018C227 /* Server.m */,
				34B3B4B30FD7A7700018C227 /* Twoways.m */,
				34B3B4B40FD7A7700018C227 /* TwowaysAMI.m */,
			);
			name = operations;
			sourceTree = "<group>";
		};
		34B3B4FF0FD7AB4E0018C227 /* Common */ = {
			isa = PBXGroup;
			children = (
				34B3B5000FD7AB5C0018C227 /* TestCommon.m */,
			);
			name = Common;
			sourceTree = "<group>";
		};
		34B3B5030FD7E6EB0018C227 /* adapterDeactivation */ = {
			isa = PBXGroup;
			children = (
				34B3B6020FD7EFCC0018C227 /* AdapterDeactivationTest.ice */,
				34B3B5180FD7E7740018C227 /* AllTests.m */,
				34B3B5190FD7E7740018C227 /* Client.m */,
				34B3B51C0FD7E7740018C227 /* Server.m */,
				34B3B51E0FD7E7740018C227 /* TestI.h */,
				34B3B51F0FD7E7740018C227 /* TestI.m */,
			);
			name = adapterDeactivation;
			sourceTree = "<group>";
		};
		34B3B5040FD7E6F60018C227 /* binding */ = {
			isa = PBXGroup;
			children = (
				34B3B5260FD7E78B0018C227 /* AllTests.m */,
				34B3B5270FD7E78B0018C227 /* Client.m */,
				34B3B5280FD7E78B0018C227 /* Server.m */,
				34B3B5290FD7E78B0018C227 /* BindingTest.ice */,
				34B3B52A0FD7E78B0018C227 /* TestI.h */,
				34B3B52B0FD7E78B0018C227 /* TestI.m */,
			);
			name = binding;
			sourceTree = "<group>";
		};
		34B3B5050FD7E6FC0018C227 /* defaultServant */ = {
			isa = PBXGroup;
			children = (
				34B3B5310FD7E7BD0018C227 /* MyObjectI.h */,
				34B3B5320FD7E7BD0018C227 /* Client.m */,
				34B3B5330FD7E7BD0018C227 /* DefaultServantTest.ice */,
				34B3B5340FD7E7BD0018C227 /* MyObjectI.m */,
			);
			name = defaultServant;
			sourceTree = "<group>";
		};
		34B3B5060FD7E7030018C227 /* exceptions */ = {
			isa = PBXGroup;
			children = (
				34B3B5380FD7E7CA0018C227 /* Client.m */,
				34B3B5390FD7E7CA0018C227 /* ExceptionsTest.ice */,
				34B3B53A0FD7E7CA0018C227 /* TestI.m */,
				34B3B53B0FD7E7CA0018C227 /* AllTests.m */,
				34B3B53C0FD7E7CA0018C227 /* TestI.h */,
				34B3B53D0FD7E7CA0018C227 /* Server.m */,
			);
			name = exceptions;
			sourceTree = "<group>";
		};
		34B3B5070FD7E7090018C227 /* facets */ = {
			isa = PBXGroup;
			children = (
				34B3B5430FD7E7E60018C227 /* TestI.m */,
				34B3B5440FD7E7E60018C227 /* AllTests.m */,
				34B3B5450FD7E7E60018C227 /* Client.m */,
				34B3B5460FD7E7E60018C227 /* FacetsTest.ice */,
				34B3B5470FD7E7E60018C227 /* TestI.h */,
				34B3B5480FD7E7E60018C227 /* Server.m */,
			);
			name = facets;
			sourceTree = "<group>";
		};
		34B3B5080FD7E7130018C227 /* inheritance */ = {
			isa = PBXGroup;
			children = (
				34B3B54E0FD7E7FB0018C227 /* TestI.h */,
				34B3B54F0FD7E7FB0018C227 /* AllTests.m */,
				34B3B5500FD7E7FB0018C227 /* TestI.m */,
				34B3B5510FD7E7FB0018C227 /* Server.m */,
				34B3B5520FD7E7FB0018C227 /* InheritanceTest.ice */,
				34B3B5530FD7E7FB0018C227 /* Client.m */,
			);
			name = inheritance;
			sourceTree = "<group>";
		};
		34B3B5090FD7E71D0018C227 /* interceptor */ = {
			isa = PBXGroup;
			children = (
				34B3B5590FD7E8080018C227 /* InterceptorTest.ice */,
				34B3B55A0FD7E8080018C227 /* MyObjectI.h */,
				34B3B55B0FD7E8080018C227 /* MyObjectI.m */,
				34B3B55C0FD7E8080018C227 /* Client.m */,
				34B3B55D0FD7E8080018C227 /* InterceptorI.m */,
				34B3B55E0FD7E8080018C227 /* InterceptorI.h */,
			);
			name = interceptor;
			sourceTree = "<group>";
		};
		34B3B50E0FD7E7230018C227 /* location */ = {
			isa = PBXGroup;
			children = (
				34B3B5630FD7E81B0018C227 /* Client.m */,
				34B3B5640FD7E81B0018C227 /* TestI.h */,
				34B3B5650FD7E81B0018C227 /* Server.m */,
				34B3B5660FD7E81B0018C227 /* TestI.m */,
				34B3B5670FD7E81B0018C227 /* LocationTest.ice */,
				34B3B5680FD7E81B0018C227 /* ServerLocator.m */,
				34B3B5690FD7E81B0018C227 /* ServerLocator.h */,
				34B3B56A0FD7E81B0018C227 /* AllTests.m */,
			);
			name = location;
			sourceTree = "<group>";
		};
		34B3B50F0FD7E7280018C227 /* objects */ = {
			isa = PBXGroup;
			children = (
				34B3B5710FD7E8270018C227 /* Client.m */,
				34B3B5720FD7E8270018C227 /* TestI.m */,
				34B3B5730FD7E8270018C227 /* ObjectsTest.ice */,
				34B3B5740FD7E8270018C227 /* Server.m */,
				34B3B5750FD7E8270018C227 /* TestI.h */,
				34B3B5760FD7E8270018C227 /* AllTests.m */,
			);
			name = objects;
			sourceTree = "<group>";
		};
		34B3B5110FD7E72F0018C227 /* proxy */ = {
			isa = PBXGroup;
			children = (
				34B3B57C0FD7E8390018C227 /* TestI.h */,
				34B3B57D0FD7E8390018C227 /* Client.m */,
				34B3B57E0FD7E8390018C227 /* Server.m */,
				34B3B57F0FD7E8390018C227 /* TestI.m */,
				34B3B5800FD7E8390018C227 /* ProxyTest.ice */,
				34B3B5810FD7E8390018C227 /* AllTests.m */,
			);
			name = proxy;
			sourceTree = "<group>";
		};
		34B3B5120FD7E7340018C227 /* retry */ = {
			isa = PBXGroup;
			children = (
				34B3B5870FD7E8440018C227 /* TestI.m */,
				34B3B5880FD7E8440018C227 /* RetryTest.ice */,
				34B3B5890FD7E8440018C227 /* TestI.h */,
				34B3B58A0FD7E8440018C227 /* AllTests.m */,
				34B3B58B0FD7E8440018C227 /* Client.m */,
				34B3B58C0FD7E8440018C227 /* Server.m */,
			);
			name = retry;
			sourceTree = "<group>";
		};
		34B3B5140FD7E73E0018C227 /* timeout */ = {
			isa = PBXGroup;
			children = (
				34B3B5920FD7E8560018C227 /* AllTests.m */,
				34B3B5930FD7E8560018C227 /* Client.m */,
				34B3B5940FD7E8560018C227 /* Server.m */,
				34B3B5950FD7E8560018C227 /* TestI.m */,
				34B3B5960FD7E8560018C227 /* TimeoutTest.ice */,
				34B3B5970FD7E8560018C227 /* TestI.h */,
			);
			name = timeout;
			sourceTree = "<group>";
		};
		34B3B5150FD7E7420018C227 /* slicing-objects */ = {
			isa = PBXGroup;
			children = (
				34B3B5AA0FD7E8700018C227 /* SlicingObjectsTestServer.ice */,
				34B3B5AB0FD7E8700018C227 /* TestI.m */,
				34B3B5AC0FD7E8700018C227 /* Client.m */,
				34B3B5AD0FD7E8700018C227 /* SlicingObjectsForward.ice */,
				34B3B5AE0FD7E8700018C227 /* AllTests.m */,
				34B3B5AF0FD7E8700018C227 /* TestI.h */,
				34B3B5B00FD7E8700018C227 /* SlicingObjectsTestClient.ice */,
				34B3B5B10FD7E8700018C227 /* Server.m */,
			);
			name = "slicing-objects";
			sourceTree = "<group>";
		};
		34B3B5160FD7E7490018C227 /* slicing-exceptions */ = {
			isa = PBXGroup;
			children = (
				34B3B59D0FD7E8640018C227 /* AllTests.m */,
				34B3B59E0FD7E8640018C227 /* Client.m */,
				34B3B59F0FD7E8640018C227 /* SlicingExceptionsTestServer.ice */,
				34B3B5A00FD7E8640018C227 /* TestI.m */,
				34B3B5A10FD7E8640018C227 /* TestI.h */,
				34B3B5A20FD7E8640018C227 /* SlicingExceptionsTestClient.ice */,
				34B3B5A30FD7E8640018C227 /* Server.m */,
			);
			name = "slicing-exceptions";
			sourceTree = "<group>";
		};
/* End PBXGroup section */

/* Begin PBXNativeTarget section */
		1D6058900D05DD3D006BFB54 /* container */ = {
			isa = PBXNativeTarget;
			buildConfigurationList = 1D6058960D05DD3E006BFB54 /* Build configuration list for PBXNativeTarget "container" */;
			buildPhases = (
				1D60588D0D05DD3D006BFB54 /* Resources */,
				1D60588E0D05DD3D006BFB54 /* Sources */,
				1D60588F0D05DD3D006BFB54 /* Frameworks */,
				34041E9F0FD8FE1C000D8134 /* ShellScript */,
			);
			buildRules = (
			);
			dependencies = (
			);
			name = container;
			productName = container;
			productReference = 1D6058910D05DD3D006BFB54 /* container.app */;
			productType = "com.apple.product-type.application";
		};
/* End PBXNativeTarget section */

/* Begin PBXProject section */
		29B97313FDCFA39411CA2CEA /* Project object */ = {
			isa = PBXProject;
			buildConfigurationList = C01FCF4E08A954540054247B /* Build configuration list for PBXProject "container" */;
			compatibilityVersion = "Xcode 3.1";
			hasScannedForEncodings = 1;
			mainGroup = 29B97314FDCFA39411CA2CEA /* CustomTemplate */;
			projectDirPath = "";
			projectRoot = "";
			targets = (
				1D6058900D05DD3D006BFB54 /* container */,
			);
		};
/* End PBXProject section */

/* Begin PBXResourcesBuildPhase section */
		1D60588D0D05DD3D006BFB54 /* Resources */ = {
			isa = PBXResourcesBuildPhase;
			buildActionMask = 2147483647;
			files = (
				28AD733F0D9D9553002E5188 /* MainWindow.xib in Resources */,
				2899E5220DE3E06400AC0155 /* TestView.xib in Resources */,
				34B7662C0E8D55FE00CE4701 /* TestSelect.xib in Resources */,
				342EB9EE0E9261A3000051FA /* icon.png in Resources */,
				342EBA870E926E98000051FA /* c_rsa1024.pfx in Resources */,
				342EBA890E926E9F000051FA /* s_rsa1024.pfx in Resources */,
				342EBA8B0E926F90000051FA /* cacert.der in Resources */,
			);
			runOnlyForDeploymentPostprocessing = 0;
		};
/* End PBXResourcesBuildPhase section */

/* Begin PBXShellScriptBuildPhase section */
		34041E9F0FD8FE1C000D8134 /* ShellScript */ = {
			isa = PBXShellScriptBuildPhase;
			buildActionMask = 2147483647;
			files = (
			);
			inputPaths = (
			);
			outputPaths = (
			);
			runOnlyForDeploymentPostprocessing = 0;
			shellPath = /bin/sh;
			shellScript = "if [ $PLATFORM_NAME = iPhoneSimulator ]; then\n\tcp $ADDITIONAL_SDKS/usr/local/lib/*.dylib $BUILT_PRODUCTS_DIR/$CONTENTS_FOLDER_PATH\nfi";
		};
/* End PBXShellScriptBuildPhase section */

/* Begin PBXSourcesBuildPhase section */
		1D60588E0D05DD3D006BFB54 /* Sources */ = {
			isa = PBXSourcesBuildPhase;
			buildActionMask = 2147483647;
			files = (
				1D60589B0D05DD56006BFB54 /* main.m in Sources */,
				1D3623260D0F684500981E51 /* AppDelegate.m in Sources */,
				28D7ACF80DDB3853001CB0EB /* TestViewController.m in Sources */,
				34B7662A0E8D55E700CE4701 /* TestSelectController.m in Sources */,
				34B766340E8D56C700CE4701 /* Test.m in Sources */,
				34B3B4B50FD7A7700018C227 /* AllTests.m in Sources */,
				34B3B4B60FD7A7700018C227 /* BatchOneways.m in Sources */,
				34B3B4B70FD7A7700018C227 /* Client.m in Sources */,
				34B3B4B80FD7A7700018C227 /* Oneways.m in Sources */,
				34B3B4B90FD7A7700018C227 /* OnewaysAMI.m in Sources */,
				34B3B4BA0FD7A7700018C227 /* Server.m in Sources */,
				34B3B4BD0FD7A7700018C227 /* Twoways.m in Sources */,
				34B3B4BE0FD7A7700018C227 /* TwowaysAMI.m in Sources */,
				34B3B4F30FD7A9660018C227 /* TestI.m in Sources */,
				34B3B5010FD7AB5C0018C227 /* TestCommon.m in Sources */,
				34B3B5200FD7E7740018C227 /* AllTests.m in Sources */,
				34B3B5210FD7E7740018C227 /* Client.m in Sources */,
				34B3B5230FD7E7740018C227 /* Server.m in Sources */,
				34B3B5250FD7E7740018C227 /* TestI.m in Sources */,
				34B3B52C0FD7E78B0018C227 /* AllTests.m in Sources */,
				34B3B52D0FD7E78B0018C227 /* Client.m in Sources */,
				34B3B52E0FD7E78B0018C227 /* Server.m in Sources */,
				34B3B52F0FD7E78B0018C227 /* BindingTest.ice in Sources */,
				34B3B5300FD7E78B0018C227 /* TestI.m in Sources */,
				34B3B5350FD7E7BD0018C227 /* Client.m in Sources */,
				34B3B5360FD7E7BD0018C227 /* DefaultServantTest.ice in Sources */,
				34B3B5370FD7E7BD0018C227 /* MyObjectI.m in Sources */,
				34B3B53E0FD7E7CA0018C227 /* Client.m in Sources */,
				34B3B53F0FD7E7CA0018C227 /* ExceptionsTest.ice in Sources */,
				34B3B5400FD7E7CA0018C227 /* TestI.m in Sources */,
				34B3B5410FD7E7CA0018C227 /* AllTests.m in Sources */,
				34B3B5420FD7E7CA0018C227 /* Server.m in Sources */,
				34B3B5490FD7E7E60018C227 /* TestI.m in Sources */,
				34B3B54A0FD7E7E60018C227 /* AllTests.m in Sources */,
				34B3B54B0FD7E7E60018C227 /* Client.m in Sources */,
				34B3B54C0FD7E7E60018C227 /* FacetsTest.ice in Sources */,
				34B3B54D0FD7E7E60018C227 /* Server.m in Sources */,
				34B3B5540FD7E7FB0018C227 /* AllTests.m in Sources */,
				34B3B5550FD7E7FB0018C227 /* TestI.m in Sources */,
				34B3B5560FD7E7FB0018C227 /* Server.m in Sources */,
				34B3B5570FD7E7FB0018C227 /* InheritanceTest.ice in Sources */,
				34B3B5580FD7E7FB0018C227 /* Client.m in Sources */,
				34B3B55F0FD7E8080018C227 /* InterceptorTest.ice in Sources */,
				34B3B5600FD7E8080018C227 /* MyObjectI.m in Sources */,
				34B3B5610FD7E8080018C227 /* Client.m in Sources */,
				34B3B5620FD7E8080018C227 /* InterceptorI.m in Sources */,
				34B3B56B0FD7E81B0018C227 /* Client.m in Sources */,
				34B3B56C0FD7E81B0018C227 /* Server.m in Sources */,
				34B3B56D0FD7E81B0018C227 /* TestI.m in Sources */,
				34B3B56E0FD7E81B0018C227 /* LocationTest.ice in Sources */,
				34B3B56F0FD7E81B0018C227 /* ServerLocator.m in Sources */,
				34B3B5700FD7E81B0018C227 /* AllTests.m in Sources */,
				34B3B5770FD7E8270018C227 /* Client.m in Sources */,
				34B3B5780FD7E8270018C227 /* TestI.m in Sources */,
				34B3B5790FD7E8270018C227 /* ObjectsTest.ice in Sources */,
				34B3B57A0FD7E8270018C227 /* Server.m in Sources */,
				34B3B57B0FD7E8270018C227 /* AllTests.m in Sources */,
				34B3B5820FD7E8390018C227 /* Client.m in Sources */,
				34B3B5830FD7E8390018C227 /* Server.m in Sources */,
				34B3B5840FD7E8390018C227 /* TestI.m in Sources */,
				34B3B5850FD7E8390018C227 /* ProxyTest.ice in Sources */,
				34B3B5860FD7E8390018C227 /* AllTests.m in Sources */,
				34B3B58D0FD7E8440018C227 /* TestI.m in Sources */,
				34B3B58E0FD7E8440018C227 /* RetryTest.ice in Sources */,
				34B3B58F0FD7E8440018C227 /* AllTests.m in Sources */,
				34B3B5900FD7E8440018C227 /* Client.m in Sources */,
				34B3B5910FD7E8440018C227 /* Server.m in Sources */,
				34B3B5980FD7E8560018C227 /* AllTests.m in Sources */,
				34B3B5990FD7E8560018C227 /* Client.m in Sources */,
				34B3B59A0FD7E8560018C227 /* Server.m in Sources */,
				34B3B59B0FD7E8560018C227 /* TestI.m in Sources */,
				34B3B59C0FD7E8560018C227 /* TimeoutTest.ice in Sources */,
				34B3B5A40FD7E8640018C227 /* AllTests.m in Sources */,
				34B3B5A50FD7E8640018C227 /* Client.m in Sources */,
				34B3B5A60FD7E8640018C227 /* SlicingExceptionsTestServer.ice in Sources */,
				34B3B5A70FD7E8640018C227 /* TestI.m in Sources */,
				34B3B5A80FD7E8640018C227 /* SlicingExceptionsTestClient.ice in Sources */,
				34B3B5A90FD7E8640018C227 /* Server.m in Sources */,
				34B3B5B20FD7E8700018C227 /* SlicingObjectsTestServer.ice in Sources */,
				34B3B5B30FD7E8700018C227 /* TestI.m in Sources */,
				34B3B5B40FD7E8700018C227 /* Client.m in Sources */,
				34B3B5B50FD7E8700018C227 /* SlicingObjectsForward.ice in Sources */,
				34B3B5B60FD7E8700018C227 /* AllTests.m in Sources */,
				34B3B5B70FD7E8700018C227 /* SlicingObjectsTestClient.ice in Sources */,
				34B3B5B80FD7E8700018C227 /* Server.m in Sources */,
				34B3B6030FD7EFCC0018C227 /* AdapterDeactivationTest.ice in Sources */,
				34B3B66B0FD7F41C0018C227 /* OperationsTest.ice in Sources */,
				146B34050FE8BC61009C6199 /* AllTests.m in Sources */,
				146B34060FE8BC61009C6199 /* Client.m in Sources */,
				146B34070FE8BC61009C6199 /* Server.m in Sources */,
				146B34090FE8BC61009C6199 /* TestI.m in Sources */,
				146B340B0FE8BD58009C6199 /* HoldTest.ice in Sources */,
			);
			runOnlyForDeploymentPostprocessing = 0;
		};
/* End PBXSourcesBuildPhase section */

/* Begin XCBuildConfiguration section */
		1D6058940D05DD3E006BFB54 /* Debug */ = {
			isa = XCBuildConfiguration;
			buildSettings = {
				ADDITIONAL_SDKS = "../../../SDK/IceTouch-1.0/$(PLATFORM_NAME).sdk";
				ALWAYS_SEARCH_USER_PATHS = NO;
				"CODE_SIGN_IDENTITY[sdk=iphoneos*]" = "iPhone Developer";
				CODE_SIGN_RESOURCE_RULES_PATH = "$(SDKROOT)/ResourceRules.plist";
				COPY_PHASE_STRIP = NO;
				GCC_DYNAMIC_NO_PIC = NO;
				GCC_OPTIMIZATION_LEVEL = 0;
				GCC_PRECOMPILE_PREFIX_HEADER = YES;
				GCC_PREFIX_HEADER = container_Prefix.pch;
				HEADER_SEARCH_PATHS = (
					../../include,
					../../Ice,
					Classes,
				);
				INFOPLIST_FILE = Info.plist;
				OTHER_LDFLAGS = (
					"-lstdc++",
					"-lIceObjc",
				);
				PRODUCT_NAME = container;
				"PROVISIONING_PROFILE[sdk=iphoneos*]" = "";
				SDKROOT = iphoneos2.0;
				SLICE_ICE_HOME = "";
				SLICE_INCLUDE_PATH = ../../Ice/slicing/objects;
			};
			name = Debug;
		};
		1D6058950D05DD3E006BFB54 /* Release */ = {
			isa = XCBuildConfiguration;
			buildSettings = {
				ADDITIONAL_SDKS = "../../../SDK/IceTouch-1.0/$(PLATFORM_NAME).sdk";
				ALWAYS_SEARCH_USER_PATHS = NO;
				"CODE_SIGN_IDENTITY[sdk=iphoneos*]" = "iPhone Developer";
				CODE_SIGN_RESOURCE_RULES_PATH = "$(SDKROOT)/ResourceRules.plist";
				COPY_PHASE_STRIP = NO;
				GCC_PRECOMPILE_PREFIX_HEADER = YES;
				GCC_PREFIX_HEADER = container_Prefix.pch;
				HEADER_SEARCH_PATHS = (
					../../include,
					../../Ice,
					Classes,
				);
				INFOPLIST_FILE = Info.plist;
				OTHER_LDFLAGS = (
					"-lstdc++",
					"-lIceObjc",
				);
				PRODUCT_NAME = container;
				"PROVISIONING_PROFILE[sdk=iphoneos*]" = "";
				SDKROOT = iphoneos2.0;
				SLICE_ICE_HOME = "";
				SLICE_INCLUDE_PATH = ../../Ice/slicing/objects;
			};
			name = Release;
		};
		C01FCF4F08A954540054247B /* Debug */ = {
			isa = XCBuildConfiguration;
			buildSettings = {
				ARCHS = "$(ARCHS_STANDARD_32_BIT)";
				"CODE_SIGN_IDENTITY[sdk=iphoneos*]" = "$(IDENTIFIER)";
				GCC_C_LANGUAGE_STANDARD = c99;
				GCC_WARN_ABOUT_RETURN_TYPE = YES;
				GCC_WARN_UNUSED_VARIABLE = YES;
				ONLY_ACTIVE_ARCH = YES;
				PREBINDING = NO;
				SDKROOT = iphoneos2.0;
			};
			name = Debug;
		};
		C01FCF5008A954540054247B /* Release */ = {
			isa = XCBuildConfiguration;
			buildSettings = {
				ARCHS = "$(ARCHS_STANDARD_32_BIT)";
				"CODE_SIGN_IDENTITY[sdk=iphoneos*]" = "iPhone Developer";
				GCC_C_LANGUAGE_STANDARD = c99;
				GCC_WARN_ABOUT_RETURN_TYPE = YES;
				GCC_WARN_UNUSED_VARIABLE = YES;
				PREBINDING = NO;
				SDKROOT = iphoneos2.0;
			};
			name = Release;
		};
/* End XCBuildConfiguration section */

/* Begin XCConfigurationList section */
		1D6058960D05DD3E006BFB54 /* Build configuration list for PBXNativeTarget "container" */ = {
			isa = XCConfigurationList;
			buildConfigurations = (
				1D6058940D05DD3E006BFB54 /* Debug */,
				1D6058950D05DD3E006BFB54 /* Release */,
			);
			defaultConfigurationIsVisible = 0;
			defaultConfigurationName = Release;
		};
		C01FCF4E08A954540054247B /* Build configuration list for PBXProject "container" */ = {
			isa = XCConfigurationList;
			buildConfigurations = (
				C01FCF4F08A954540054247B /* Debug */,
				C01FCF5008A954540054247B /* Release */,
			);
			defaultConfigurationIsVisible = 0;
			defaultConfigurationName = Release;
		};
/* End XCConfigurationList section */
	};
	rootObject = 29B97313FDCFA39411CA2CEA /* Project object */;
}
