
Microsoft Visual Studio Solution File, Format Version 11.00
# Visual Studio 2010
Project("{FAE04EC0-301F-11D3-BF4B-00C04F79EFBC}") = "client", "simple\client.csproj", "{C7D4C575-7962-4A56-80FC-467449F8B25C}"
EndProject
Project("{2150E333-8FDC-42A3-9474-1A3956D46DE8}") = "simple", "simple", "{4FE65A4C-4F83-487D-A135-B17AB2B9729E}"
EndProject
Project("{2150E333-8FDC-42A3-9474-1A3956D46DE8}") = "nonfiltered", "nonfiltered", "{7A6C2D4D-BB4C-4B28-B1B8-D4E2CEB53A68}"
EndProject
Project("{2150E333-8FDC-42A3-9474-1A3956D46DE8}") = "grid", "grid", "{067C5232-36A4-48F8-9705-E9439BFD0A6D}"
EndProject
Project("{FAE04EC0-301F-11D3-BF4B-00C04F79EFBC}") = "client", "grid\client.csproj", "{9C1E79F0-06A8-4F91-8BFD-B778DB745308}"
EndProject
Project("{FAE04EC0-301F-11D3-BF4B-00C04F79EFBC}") = "client", "nonfiltered\client.csproj", "{9E4F2FB1-950B-455D-9BB3-F482ED2C2C7B}"
EndProject
Global
	GlobalSection(SolutionConfigurationPlatforms) = preSolution
		Debug|x86 = Debug|x86
		Release|x86 = Release|x86
	EndGlobalSection
	GlobalSection(ProjectConfigurationPlatforms) = postSolution
		{C7D4C575-7962-4A56-80FC-467449F8B25C}.Debug|x86.ActiveCfg = Debug|x86
		{C7D4C575-7962-4A56-80FC-467449F8B25C}.Debug|x86.Build.0 = Debug|x86
		{C7D4C575-7962-4A56-80FC-467449F8B25C}.Release|x86.ActiveCfg = Release|x86
		{C7D4C575-7962-4A56-80FC-467449F8B25C}.Release|x86.Build.0 = Release|x86
		{9C1E79F0-06A8-4F91-8BFD-B778DB745308}.Debug|x86.ActiveCfg = Debug|x86
		{9C1E79F0-06A8-4F91-8BFD-B778DB745308}.Debug|x86.Build.0 = Debug|x86
		{9C1E79F0-06A8-4F91-8BFD-B778DB745308}.Release|x86.ActiveCfg = Release|x86
		{9C1E79F0-06A8-4F91-8BFD-B778DB745308}.Release|x86.Build.0 = Release|x86
		{9E4F2FB1-950B-455D-9BB3-F482ED2C2C7B}.Debug|x86.ActiveCfg = Debug|x86
		{9E4F2FB1-950B-455D-9BB3-F482ED2C2C7B}.Debug|x86.Build.0 = Debug|x86
		{9E4F2FB1-950B-455D-9BB3-F482ED2C2C7B}.Release|x86.ActiveCfg = Release|x86
		{9E4F2FB1-950B-455D-9BB3-F482ED2C2C7B}.Release|x86.Build.0 = Release|x86
	EndGlobalSection
	GlobalSection(SolutionProperties) = preSolution
		HideSolutionNode = FALSE
	EndGlobalSection
	GlobalSection(NestedProjects) = preSolution
		{9E4F2FB1-950B-455D-9BB3-F482ED2C2C7B} = {7A6C2D4D-BB4C-4B28-B1B8-D4E2CEB53A68}
		{9C1E79F0-06A8-4F91-8BFD-B778DB745308} = {067C5232-36A4-48F8-9705-E9439BFD0A6D}
	EndGlobalSection
EndGlobal
